<?xml version="1.0" encoding="utf-8"?>
<Project ToolsVersion="4.0" xmlns="http://schemas.microsoft.com/developer/msbuild/2003">
  <ItemGroup>
    <Filter Include="소스 파일">
      <UniqueIdentifier>{4FC737F1-C7A5-4376-A066-2A32D752A2FF}</UniqueIdentifier>
      <Extensions>cpp;c;cc;cxx;c++;cppm;ixx;def;odl;idl;hpj;bat;asm;asmx</Extensions>
    </Filter>
    <Filter Include="헤더 파일">
      <UniqueIdentifier>{93995380-89BD-4b04-88EB-625FBE52EBFB}</UniqueIdentifier>
      <Extensions>h;hh;hpp;hxx;h++;hm;inl;inc;ipp;xsd</Extensions>
    </Filter>
    <Filter Include="리소스 파일">
      <UniqueIdentifier>{67DA6AB6-F800-4c08-8B7A-83BB121AAD01}</UniqueIdentifier>
      <Extensions>rc;ico;cur;bmp;dlg;rc2;rct;bin;rgs;gif;jpg;jpeg;jpe;resx;tiff;tif;png;wav;mfcribbon-ms</Extensions>
    </Filter>
    <Filter Include="소스 파일\채용지원">
      <UniqueIdentifier>{06777711-38a3-4189-8e30-f3312813fe67}</UniqueIdentifier>
    </Filter>
    <Filter Include="소스 파일\채용조회">
      <UniqueIdentifier>{8b5470d5-978a-43cb-b86d-66c85ba26bcd}</UniqueIdentifier>
    </Filter>
    <Filter Include="소스 파일\Entity">
      <UniqueIdentifier>{38bda827-12d3-4941-8078-0cf1a5932309}</UniqueIdentifier>
    </Filter>
    <Filter Include="헤더 파일\Entity">
      <UniqueIdentifier>{1dfe76ac-8b50-4222-8689-8275f9eb583f}</UniqueIdentifier>
    </Filter>
    <Filter Include="헤더 파일\채용지원">
      <UniqueIdentifier>{d83ed35a-8e5d-42d0-9690-4bdad72f3735}</UniqueIdentifier>
    </Filter>
    <Filter Include="헤더 파일\채용조회">
      <UniqueIdentifier>{8454988d-4fc3-4963-bc75-64d0ee709546}</UniqueIdentifier>
    </Filter>
  </ItemGroup>
  <ItemGroup>
    <ClCompile Include="main.cpp">
      <Filter>소스 파일</Filter>
    </ClCompile>
    <ClCompile Include="ApplyRecruit.cpp">
      <Filter>소스 파일\채용지원</Filter>
    </ClCompile>
    <ClCompile Include="ApplyRecruitUI.cpp">
      <Filter>소스 파일\채용지원</Filter>
    </ClCompile>
    <ClCompile Include="FindRecruitUI.cpp">
      <Filter>소스 파일\채용조회</Filter>
    </ClCompile>
    <ClCompile Include="FindRecruit.cpp">
      <Filter>소스 파일\채용조회</Filter>
    </ClCompile>
    <ClCompile Include="Recruit.cpp">
      <Filter>소스 파일\Entity</Filter>
    </ClCompile>
    <ClCompile Include="Apply.cpp">
      <Filter>소스 파일\Entity</Filter>
    </ClCompile>
    <ClCompile Include="GeneralMember.cpp">
      <Filter>소스 파일\Entity</Filter>
    </ClCompile>
    <ClCompile Include="CompanyMember.cpp">
      <Filter>소스 파일\Entity</Filter>
    </ClCompile>
    <ClCompile Include="..\..\..\..\..\회원관리\CompanyMember.cpp">
      <Filter>소스 파일</Filter>
    </ClCompile>
    <ClCompile Include="..\..\..\..\..\회원관리\GeneralMember.cpp">
      <Filter>소스 파일</Filter>
    </ClCompile>
    <ClCompile Include="..\..\..\..\..\회원관리\Login.cpp">
      <Filter>소스 파일</Filter>
    </ClCompile>
    <ClCompile Include="..\..\..\..\..\회원관리\LoginUI.cpp">
      <Filter>소스 파일</Filter>
    </ClCompile>
    <ClCompile Include="..\..\..\..\..\회원관리\Logout.cpp">
      <Filter>소스 파일</Filter>
    </ClCompile>
    <ClCompile Include="..\..\..\..\..\회원관리\LogoutUI.cpp">
      <Filter>소스 파일</Filter>
    </ClCompile>
    <ClCompile Include="..\..\..\..\..\회원관리\main.cpp">
      <Filter>소스 파일</Filter>
    </ClCompile>
    <ClCompile Include="..\..\..\..\..\회원관리\Member.cpp">
      <Filter>소스 파일</Filter>
    </ClCompile>
    <ClCompile Include="..\..\..\..\..\회원관리\SignUp.cpp">
      <Filter>소스 파일</Filter>
    </ClCompile>
    <ClCompile Include="..\..\..\..\..\회원관리\SignUpUI.cpp">
      <Filter>소스 파일</Filter>
    </ClCompile>
    <ClCompile Include="..\..\..\..\..\회원관리\state.cpp">
      <Filter>소스 파일</Filter>
    </ClCompile>
    <ClCompile Include="..\..\..\..\..\회원관리\Withdraw.cpp">
      <Filter>소스 파일</Filter>
    </ClCompile>
    <ClCompile Include="..\..\..\..\..\회원관리\WithdrawUI.cpp">
      <Filter>소스 파일</Filter>
    </ClCompile>
  </ItemGroup>
  <ItemGroup>
    <ClInclude Include="ApplyRecruit.h">
      <Filter>헤더 파일\채용지원</Filter>
    </ClInclude>
    <ClInclude Include="ApplyRecruitUI.h">
      <Filter>헤더 파일\채용지원</Filter>
    </ClInclude>
    <ClInclude Include="FindRecruit.h">
      <Filter>헤더 파일\채용조회</Filter>
    </ClInclude>
    <ClInclude Include="FindRecruitUI.h">
      <Filter>헤더 파일\채용조회</Filter>
    </ClInclude>
    <ClInclude Include="CompanyMember.h">
      <Filter>헤더 파일\Entity</Filter>
    </ClInclude>
    <ClInclude Include="Recruit.h">
      <Filter>헤더 파일\Entity</Filter>
    </ClInclude>
    <ClInclude Include="..\..\..\..\..\회원관리\CompanyMember.h">
      <Filter>헤더 파일</Filter>
    </ClInclude>
    <ClInclude Include="..\..\..\..\..\회원관리\GeneralMember.h">
      <Filter>헤더 파일</Filter>
    </ClInclude>
    <ClInclude Include="..\..\..\..\..\회원관리\Login.h">
      <Filter>헤더 파일</Filter>
    </ClInclude>
    <ClInclude Include="..\..\..\..\..\회원관리\LoginUI.h">
      <Filter>헤더 파일</Filter>
    </ClInclude>
    <ClInclude Include="..\..\..\..\..\회원관리\Logout.h">
      <Filter>헤더 파일</Filter>
    </ClInclude>
    <ClInclude Include="..\..\..\..\..\회원관리\LogoutUI.h">
      <Filter>헤더 파일</Filter>
    </ClInclude>
    <ClInclude Include="..\..\..\..\..\회원관리\Member.h">
      <Filter>헤더 파일</Filter>
    </ClInclude>
    <ClInclude Include="..\..\..\..\..\회원관리\SignUp.h">
      <Filter>헤더 파일</Filter>
    </ClInclude>
    <ClInclude Include="..\..\..\..\..\회원관리\SignUpUI.h">
      <Filter>헤더 파일</Filter>
    </ClInclude>
    <ClInclude Include="..\..\..\..\..\회원관리\StateMachine.h">
      <Filter>헤더 파일</Filter>
    </ClInclude>
    <ClInclude Include="..\..\..\..\..\회원관리\Withdraw.h">
      <Filter>헤더 파일</Filter>
    </ClInclude>
    <ClInclude Include="..\..\..\..\..\회원관리\WithdrawUI.h">
      <Filter>헤더 파일</Filter>
    </ClInclude>
  </ItemGroup>
  <ItemGroup>
    <Text Include="..\..\..\..\..\회원관리\input.txt">
      <Filter>소스 파일</Filter>
    </Text>
    <Text Include="..\..\..\..\..\회원관리\output.txt">
      <Filter>소스 파일</Filter>
    </Text>
  </ItemGroup>
</Project>